PODS:
  - AKPickerView (0.2.6)
  - Bolts (1.2.0):
    - Bolts/AppLinks (= 1.2.0)
    - Bolts/Tasks (= 1.2.0)
  - Bolts/AppLinks (1.2.0):
    - Bolts/Tasks
  - Bolts/Tasks (1.2.0)
  - CocoaAsyncSocket (7.4.2)
  - CocoaLumberjack (1.9.2):
    - CocoaLumberjack/Extensions (= 1.9.2)
  - CocoaLumberjack/Core (1.9.2)
  - CocoaLumberjack/Extensions (1.9.2):
    - CocoaLumberjack/Core
  - CocoaSecurity (1.2.4)
  - EDStarRating (1.1)
  - FBSDKCoreKit (4.3.0):
    - Bolts (~> 1.1)
    - FBSDKCoreKit/arc (= 4.3.0)
    - FBSDKCoreKit/no-arc (= 4.3.0)
  - FBSDKCoreKit/arc (4.3.0):
    - Bolts (~> 1.1)
  - FBSDKCoreKit/no-arc (4.3.0):
    - Bolts (~> 1.1)
    - FBSDKCoreKit/arc
  - FBSDKLoginKit (4.3.0):
    - FBSDKCoreKit
  - JGProgressHUD (1.2.7)
  - SDWebImage (3.7.3):
    - SDWebImage/Core (= 3.7.3)
  - SDWebImage/Core (3.7.3)
  - SecureNSUserDefaults (1.0.0):
    - CocoaSecurity (~> 1.2.1)
  - UIActivityIndicator-for-SDWebImage (1.2):
    - SDWebImage (~> 3.7)
  - XMPPFramework (3.6.5):
    - XMPPFramework/Authentication (= 3.6.5)
    - XMPPFramework/BandwidthMonitor (= 3.6.5)
    - XMPPFramework/Categories (= 3.6.5)
    - XMPPFramework/Core (= 3.6.5)
    - XMPPFramework/CoreDataStorage (= 3.6.5)
    - XMPPFramework/GoogleSharedStatus (= 3.6.5)
    - XMPPFramework/KissXML (= 3.6.5)
    - XMPPFramework/ProcessOne (= 3.6.5)
    - XMPPFramework/Reconnect (= 3.6.5)
    - XMPPFramework/Roster (= 3.6.5)
    - XMPPFramework/SystemInputActivityMonitor (= 3.6.5)
    - XMPPFramework/Utilities (= 3.6.5)
    - XMPPFramework/XEP-0009 (= 3.6.5)
    - XMPPFramework/XEP-0012 (= 3.6.5)
    - XMPPFramework/XEP-0016 (= 3.6.5)
    - XMPPFramework/XEP-0045 (= 3.6.5)
    - XMPPFramework/XEP-0054 (= 3.6.5)
    - XMPPFramework/XEP-0059 (= 3.6.5)
    - XMPPFramework/XEP-0060 (= 3.6.5)
    - XMPPFramework/XEP-0065 (= 3.6.5)
    - XMPPFramework/XEP-0066 (= 3.6.5)
    - XMPPFramework/XEP-0082 (= 3.6.5)
    - XMPPFramework/XEP-0085 (= 3.6.5)
    - XMPPFramework/XEP-0092 (= 3.6.5)
    - XMPPFramework/XEP-0100 (= 3.6.5)
    - XMPPFramework/XEP-0106 (= 3.6.5)
    - XMPPFramework/XEP-0115 (= 3.6.5)
    - XMPPFramework/XEP-0136 (= 3.6.5)
    - XMPPFramework/XEP-0153 (= 3.6.5)
    - XMPPFramework/XEP-0172 (= 3.6.5)
    - XMPPFramework/XEP-0184 (= 3.6.5)
    - XMPPFramework/XEP-0191 (= 3.6.5)
    - XMPPFramework/XEP-0198 (= 3.6.5)
    - XMPPFramework/XEP-0199 (= 3.6.5)
    - XMPPFramework/XEP-0202 (= 3.6.5)
    - XMPPFramework/XEP-0203 (= 3.6.5)
    - XMPPFramework/XEP-0223 (= 3.6.5)
    - XMPPFramework/XEP-0224 (= 3.6.5)
    - XMPPFramework/XEP-0280 (= 3.6.5)
    - XMPPFramework/XEP-0297 (= 3.6.5)
    - XMPPFramework/XEP-0308 (= 3.6.5)
    - XMPPFramework/XEP-0333 (= 3.6.5)
    - XMPPFramework/XEP-0335 (= 3.6.5)
  - XMPPFramework/Authentication (3.6.5):
    - XMPPFramework/Core
  - XMPPFramework/BandwidthMonitor (3.6.5):
    - XMPPFramework/Core
  - XMPPFramework/Categories (3.6.5):
    - XMPPFramework/Core
  - XMPPFramework/Core (3.6.5):
    - CocoaAsyncSocket (~> 7.4.1)
    - CocoaLumberjack (~> 1.9)
    - XMPPFramework/KissXML
  - XMPPFramework/CoreDataStorage (3.6.5):
    - XMPPFramework/Core
  - XMPPFramework/GoogleSharedStatus (3.6.5):
    - XMPPFramework/Core
  - XMPPFramework/KissXML (3.6.5)
  - XMPPFramework/ProcessOne (3.6.5):
    - XMPPFramework/Core
  - XMPPFramework/Reconnect (3.6.5):
    - XMPPFramework/Core
  - XMPPFramework/Roster (3.6.5):
    - XMPPFramework/Core
    - XMPPFramework/CoreDataStorage
  - XMPPFramework/SystemInputActivityMonitor (3.6.5):
    - XMPPFramework/Core
  - XMPPFramework/Utilities (3.6.5):
    - XMPPFramework/Core
  - XMPPFramework/XEP-0009 (3.6.5):
    - XMPPFramework/Core
  - XMPPFramework/XEP-0012 (3.6.5):
    - XMPPFramework/Core
  - XMPPFramework/XEP-0016 (3.6.5):
    - XMPPFramework/Core
  - XMPPFramework/XEP-0045 (3.6.5):
    - XMPPFramework/Core
    - XMPPFramework/CoreDataStorage
    - XMPPFramework/XEP-0203
  - XMPPFramework/XEP-0054 (3.6.5):
    - XMPPFramework/Core
    - XMPPFramework/Roster
  - XMPPFramework/XEP-0059 (3.6.5):
    - XMPPFramework/Core
  - XMPPFramework/XEP-0060 (3.6.5):
    - XMPPFramework/Core
  - XMPPFramework/XEP-0065 (3.6.5):
    - XMPPFramework/Core
  - XMPPFramework/XEP-0066 (3.6.5):
    - XMPPFramework/Core
  - XMPPFramework/XEP-0082 (3.6.5):
    - XMPPFramework/Core
  - XMPPFramework/XEP-0085 (3.6.5):
    - XMPPFramework/Core
  - XMPPFramework/XEP-0092 (3.6.5):
    - XMPPFramework/Core
  - XMPPFramework/XEP-0100 (3.6.5):
    - XMPPFramework/Core
  - XMPPFramework/XEP-0106 (3.6.5):
    - XMPPFramework/Core
  - XMPPFramework/XEP-0115 (3.6.5):
    - XMPPFramework/Core
    - XMPPFramework/CoreDataStorage
  - XMPPFramework/XEP-0136 (3.6.5):
    - XMPPFramework/CoreDataStorage
    - XMPPFramework/XEP-0085
    - XMPPFramework/XEP-0203
  - XMPPFramework/XEP-0153 (3.6.5):
    - XMPPFramework/Core
    - XMPPFramework/XEP-0054
  - XMPPFramework/XEP-0172 (3.6.5):
    - XMPPFramework/Core
  - XMPPFramework/XEP-0184 (3.6.5):
    - XMPPFramework/Core
  - XMPPFramework/XEP-0191 (3.6.5):
    - XMPPFramework/Core
  - XMPPFramework/XEP-0198 (3.6.5):
    - XMPPFramework/Core
  - XMPPFramework/XEP-0199 (3.6.5):
    - XMPPFramework/Core
  - XMPPFramework/XEP-0202 (3.6.5):
    - XMPPFramework/Core
    - XMPPFramework/XEP-0082
  - XMPPFramework/XEP-0203 (3.6.5):
    - XMPPFramework/Core
    - XMPPFramework/XEP-0082
  - XMPPFramework/XEP-0223 (3.6.5):
    - XMPPFramework/Core
  - XMPPFramework/XEP-0224 (3.6.5):
    - XMPPFramework/Core
  - XMPPFramework/XEP-0280 (3.6.5):
    - XMPPFramework/Core
  - XMPPFramework/XEP-0297 (3.6.5):
    - XMPPFramework/Core
    - XMPPFramework/XEP-0203
  - XMPPFramework/XEP-0308 (3.6.5):
    - XMPPFramework/Core
  - XMPPFramework/XEP-0333 (3.6.5):
    - XMPPFramework/Core
  - XMPPFramework/XEP-0335 (3.6.5):
    - XMPPFramework/Core

DEPENDENCIES:
  - AKPickerView
  - EDStarRating
  - FBSDKCoreKit
  - FBSDKLoginKit
  - JGProgressHUD
  - SDWebImage (~> 3.7)
  - SecureNSUserDefaults (~> 1.0.0)
  - UIActivityIndicator-for-SDWebImage
  - XMPPFramework (~> 3.6)

SPEC CHECKSUMS:
  AKPickerView: e31dcb9572c04d8439512315798862d9eb84b18f
  Bolts: d176cb1e0012175589e389a9db49b85e27787576
  CocoaAsyncSocket: f5783bdedd232d91b89769bc4b5a1580aed518ad
  CocoaLumberjack: 628fca2e88ef06f7cf6817309aa405f325d9a6fa
  CocoaSecurity: d288a6f87e0f363823d2cb83e753814a6944f71a
  EDStarRating: a41a6440a945020745d0e9ff8ada7d1afa952114
  FBSDKCoreKit: a3a60225a84abeace291d0fe71cae29a627382c2
  FBSDKLoginKit: 6bc2f8f2628c3b6d2e346762fff8cb55cfd3a58d
  JGProgressHUD: a45c1d16adddf7e38092ce3f0d71d3955d2de2ec
  SDWebImage: 1d2b1a1efda1ade1b00b6f8498865f8ddedc8a84
  SecureNSUserDefaults: 60a27d6e7fd2cad47448fef5dea22803e098433a
  UIActivityIndicator-for-SDWebImage: 7bf7ebbf0ed1747dedc0d6e949c4603a6d0f9e0c
  XMPPFramework: 7ae77710dd86f1826f5451dc5f3cf9f4d2a62072

COCOAPODS: 0.38.2
