PODS:
  - AKPickerView (0.2.6)
  - Bolts (1.3.0):
    - Bolts/AppLinks (= 1.3.0)
    - Bolts/Tasks (= 1.3.0)
  - Bolts/AppLinks (1.3.0):
    - Bolts/Tasks
  - Bolts/Tasks (1.3.0)
  - CocoaSecurity (1.2.4)
  - EDStarRating (1.1)
  - FBSDKCoreKit (4.3.0):
    - Bolts (~> 1.1)
    - FBSDKCoreKit/arc (= 4.3.0)
    - FBSDKCoreKit/no-arc (= 4.3.0)
  - FBSDKCoreKit/arc (4.3.0):
    - Bolts (~> 1.1)
  - FBSDKCoreKit/no-arc (4.3.0):
    - Bolts (~> 1.1)
    - FBSDKCoreKit/arc
  - FBSDKLoginKit (4.3.0):
    - FBSDKCoreKit
  - HPGrowingTextView (1.1)
  - IQKeyboardManager (3.3.1)
  - JGProgressHUD (1.2.7)
  - MBProgressHUD (0.9.1)
  - Mixpanel (2.8.2):
    - Mixpanel/Mixpanel (= 2.8.2)
  - Mixpanel/Mixpanel (2.8.2)
  - SDWebImage (3.7.3):
    - SDWebImage/Core (= 3.7.3)
  - SDWebImage/Core (3.7.3)
  - SecureNSUserDefaults (1.0.0):
    - CocoaSecurity (~> 1.2.1)
  - TPKeyboardAvoiding (1.2.9)
  - UIActivityIndicator-for-SDWebImage (1.2):
    - SDWebImage (~> 3.7)

DEPENDENCIES:
  - AKPickerView
  - EDStarRating
  - FBSDKCoreKit
  - FBSDKLoginKit
  - HPGrowingTextView (~> 1.1)
  - IQKeyboardManager (~> 3.3)
  - JGProgressHUD
  - MBProgressHUD (~> 0.9.1)
  - Mixpanel
  - SDWebImage (~> 3.7)
  - SecureNSUserDefaults (~> 1.0.0)
  - TPKeyboardAvoiding (~> 1.2)
  - UIActivityIndicator-for-SDWebImage

SPEC CHECKSUMS:
  AKPickerView: e31dcb9572c04d8439512315798862d9eb84b18f
  Bolts: 805a4a87413e49d4a0c2b7d469084cbc46b09342
  CocoaSecurity: d288a6f87e0f363823d2cb83e753814a6944f71a
  EDStarRating: a41a6440a945020745d0e9ff8ada7d1afa952114
  FBSDKCoreKit: a3a60225a84abeace291d0fe71cae29a627382c2
  FBSDKLoginKit: 6bc2f8f2628c3b6d2e346762fff8cb55cfd3a58d
  HPGrowingTextView: 88a716d97fb853bcb08a4a08e4727da17efc9b19
  IQKeyboardManager: 860a5b9df32cc1435a3e967a08ed87de3e59c12e
  JGProgressHUD: a45c1d16adddf7e38092ce3f0d71d3955d2de2ec
  MBProgressHUD: c47f2c166c126cf2ce36498d80f33e754d4e93ad
  Mixpanel: f4d71ac2a306e7cda6ad03d4a2be249a0fd7a967
  SDWebImage: 1d2b1a1efda1ade1b00b6f8498865f8ddedc8a84
  SecureNSUserDefaults: 60a27d6e7fd2cad47448fef5dea22803e098433a
  TPKeyboardAvoiding: ff1ee4e5a5a0c119b965552af8f183868ea20207
  UIActivityIndicator-for-SDWebImage: 7bf7ebbf0ed1747dedc0d6e949c4603a6d0f9e0c

COCOAPODS: 0.39.0
